<?xml version="1.0" encoding="utf-8"?>
<Project ToolsVersion="4.0" xmlns="http://schemas.microsoft.com/developer/msbuild/2003">
  <ItemGroup>
    <ClCompile Include="dllmain.cpp">
      <Filter>main</Filter>
    </ClCompile>
    <ClCompile Include="hooks.cpp">
      <Filter>main\hooks</Filter>
    </ClCompile>
    <ClCompile Include="include\imgui\imgui.cpp">
      <Filter>ext\ImGui</Filter>
    </ClCompile>
    <ClCompile Include="include\imgui\imgui_demo.cpp">
      <Filter>ext\ImGui</Filter>
    </ClCompile>
    <ClCompile Include="include\imgui\imgui_draw.cpp">
      <Filter>ext\ImGui</Filter>
    </ClCompile>
    <ClCompile Include="include\imgui\imgui_impl_opengl3.cpp">
      <Filter>ext\ImGui</Filter>
    </ClCompile>
    <ClCompile Include="include\imgui\imgui_impl_win32.cpp">
      <Filter>ext\ImGui</Filter>
    </ClCompile>
    <ClCompile Include="include\imgui\imgui_tables.cpp">
      <Filter>ext\ImGui</Filter>
    </ClCompile>
    <ClCompile Include="include\imgui\imgui_widgets.cpp">
      <Filter>ext\ImGui</Filter>
    </ClCompile>
    <ClCompile Include="include\kiero\kiero.cpp">
      <Filter>ext\kiero</Filter>
    </ClCompile>
  </ItemGroup>
  <ItemGroup>
    <ClInclude Include="hooks.h">
      <Filter>main\hooks</Filter>
    </ClInclude>
    <ClInclude Include="MinHook.h">
      <Filter>ext</Filter>
    </ClInclude>
    <ClInclude Include="options.h">
      <Filter>main</Filter>
    </ClInclude>
    <ClInclude Include="include\imgui\imconfig.h">
      <Filter>ext\ImGui</Filter>
    </ClInclude>
    <ClInclude Include="include\imgui\imgui.h">
      <Filter>ext\ImGui</Filter>
    </ClInclude>
    <ClInclude Include="include\imgui\imgui_impl_opengl3.h">
      <Filter>ext\ImGui</Filter>
    </ClInclude>
    <ClInclude Include="include\imgui\imgui_impl_opengl3_loader.h">
      <Filter>ext\ImGui</Filter>
    </ClInclude>
    <ClInclude Include="include\imgui\imgui_impl_win32.h">
      <Filter>ext\ImGui</Filter>
    </ClInclude>
    <ClInclude Include="include\imgui\imgui_internal.h">
      <Filter>ext\ImGui</Filter>
    </ClInclude>
    <ClInclude Include="include\imgui\imstb_rectpack.h">
      <Filter>ext\ImGui</Filter>
    </ClInclude>
    <ClInclude Include="include\imgui\imstb_textedit.h">
      <Filter>ext\ImGui</Filter>
    </ClInclude>
    <ClInclude Include="include\imgui\imstb_truetype.h">
      <Filter>ext\ImGui</Filter>
    </ClInclude>
    <ClInclude Include="include\kiero\kiero.h">
      <Filter>ext\kiero</Filter>
    </ClInclude>
  </ItemGroup>
  <ItemGroup>
    <Filter Include="main">
      <UniqueIdentifier>{017d0c96-57ea-4baf-ad87-b16d4bcb82c3}</UniqueIdentifier>
    </Filter>
    <Filter Include="main\hooks">
      <UniqueIdentifier>{b2451a8f-a241-4fa9-b3b5-b40340216c65}</UniqueIdentifier>
    </Filter>
    <Filter Include="ext">
      <UniqueIdentifier>{ce32ca87-c04a-4ee2-be42-72ae8e3deca4}</UniqueIdentifier>
    </Filter>
    <Filter Include="ext\ImGui">
      <UniqueIdentifier>{db019712-a72c-4ff5-9370-011d09bfafb5}</UniqueIdentifier>
    </Filter>
    <Filter Include="ext\kiero">
      <UniqueIdentifier>{e224b088-89dc-402f-bc51-d54f10d2932b}</UniqueIdentifier>
    </Filter>
  </ItemGroup>
</Project>